
Microsoft Visual Studio Solution File, Format Version 12.00
# Visual Studio Version 16
VisualStudioVersion = 16.0.31205.134
MinimumVisualStudioVersion = 10.0.40219.1
Project("{FAE04EC0-301F-11D3-BF4B-00C04F79EFBC}") = "XamarinAppMessagingCodelab", "XamarinAppMessagingCodelab\XamarinAppMessagingCodelab.csproj", "{D50C0DB4-7919-4126-A56E-1E930C29A39A}"
EndProject
Global
	GlobalSection(SolutionConfigurationPlatforms) = preSolution
		Debug|Any CPU = Debug|Any CPU
		Release|Any CPU = Release|Any CPU
	EndGlobalSection
	GlobalSection(ProjectConfigurationPlatforms) = postSolution
		{D50C0DB4-7919-4126-A56E-1E930C29A39A}.Debug|Any CPU.ActiveCfg = Debug|Any CPU
		{D50C0DB4-7919-4126-A56E-1E930C29A39A}.Debug|Any CPU.Build.0 = Debug|Any CPU
		{D50C0DB4-7919-4126-A56E-1E930C29A39A}.Debug|Any CPU.Deploy.0 = Debug|Any CPU
		{D50C0DB4-7919-4126-A56E-1E930C29A39A}.Release|Any CPU.ActiveCfg = Release|Any CPU
		{D50C0DB4-7919-4126-A56E-1E930C29A39A}.Release|Any CPU.Build.0 = Release|Any CPU
		{D50C0DB4-7919-4126-A56E-1E930C29A39A}.Release|Any CPU.Deploy.0 = Release|Any CPU
	EndGlobalSection
	GlobalSection(SolutionProperties) = preSolution
		HideSolutionNode = FALSE
	EndGlobalSection
	GlobalSection(ExtensibilityGlobals) = postSolution
		SolutionGuid = {54C2A85F-1B76-441C-9FF1-B75E0E104BA7}
	EndGlobalSection
EndGlobal
